
Microsoft Visual Studio Solution File, Format Version 12.00
# Visual Studio Version 16
VisualStudioVersion = 16.0.31410.357
MinimumVisualStudioVersion = 10.0.40219.1
Project("{FAE04EC0-301F-11D3-BF4B-00C04F79EFBC}") = "gcd_recursion", "gcd_recursion\gcd_recursion.csproj", "{7475C3ED-0475-48E7-B8C6-AF4DFA73E916}"
EndProject
Global
	GlobalSection(SolutionConfigurationPlatforms) = preSolution
		Debug|Any CPU = Debug|Any CPU
		Release|Any CPU = Release|Any CPU
	EndGlobalSection
	GlobalSection(ProjectConfigurationPlatforms) = postSolution
		{7475C3ED-0475-48E7-B8C6-AF4DFA73E916}.Debug|Any CPU.ActiveCfg = Debug|Any CPU
		{7475C3ED-0475-48E7-B8C6-AF4DFA73E916}.Debug|Any CPU.Build.0 = Debug|Any CPU
		{7475C3ED-0475-48E7-B8C6-AF4DFA73E916}.Release|Any CPU.ActiveCfg = Release|Any CPU
		{7475C3ED-0475-48E7-B8C6-AF4DFA73E916}.Release|Any CPU.Build.0 = Release|Any CPU
	EndGlobalSection
	GlobalSection(SolutionProperties) = preSolution
		HideSolutionNode = FALSE
	EndGlobalSection
	GlobalSection(ExtensibilityGlobals) = postSolution
		SolutionGuid = {92D17C8F-E708-4C5C-BF3C-8AA57C72EB10}
	EndGlobalSection
EndGlobal
